
Microsoft Visual Studio Solution File, Format Version 12.00
# Visual Studio Version 17
VisualStudioVersion = 17.8.34525.116
MinimumVisualStudioVersion = 10.0.40219.1
Project("{FAE04EC0-301F-11D3-BF4B-00C04F79EFBC}") = "EdilCode", "EdilCode.csproj", "{31BC94F4-D3F0-40CB-8257-5C84740B71BB}"
EndProject
Global
	GlobalSection(SolutionConfigurationPlatforms) = preSolution
		Debug|Any CPU = Debug|Any CPU
		Release|Any CPU = Release|Any CPU
	EndGlobalSection
	GlobalSection(ProjectConfigurationPlatforms) = postSolution
		{31BC94F4-D3F0-40CB-8257-5C84740B71BB}.Debug|Any CPU.ActiveCfg = Debug|Any CPU
		{31BC94F4-D3F0-40CB-8257-5C84740B71BB}.Debug|Any CPU.Build.0 = Debug|Any CPU
		{31BC94F4-D3F0-40CB-8257-5C84740B71BB}.Release|Any CPU.ActiveCfg = Release|Any CPU
		{31BC94F4-D3F0-40CB-8257-5C84740B71BB}.Release|Any CPU.Build.0 = Release|Any CPU
	EndGlobalSection
	GlobalSection(SolutionProperties) = preSolution
		HideSolutionNode = FALSE
	EndGlobalSection
	GlobalSection(ExtensibilityGlobals) = postSolution
		SolutionGuid = {A1121228-E4DE-4A8A-B6A4-5AEBCBFE69D4}
	EndGlobalSection
EndGlobal
